
Microsoft Visual Studio Solution File, Format Version 12.00
# Visual Studio Version 17
VisualStudioVersion = 17.5.33516.290
MinimumVisualStudioVersion = 10.0.40219.1
Project("{9A19103F-16F7-4668-BE54-9A1E7A4F7556}") = "electric-network-editor", "electric-network-editor\electric-network-editor.csproj", "{723F4939-F0E6-4CC6-A40F-CB8E69A66F84}"
EndProject
Project("{9A19103F-16F7-4668-BE54-9A1E7A4F7556}") = "OrthogonalConnectorPlugin", "OrthogonalConnectorPlugin\OrthogonalConnectorPlugin.csproj", "{50CB88DF-3A18-4A7D-88CF-654BC8B186FB}"
EndProject
Project("{9A19103F-16F7-4668-BE54-9A1E7A4F7556}") = "PluginContracts", "PluginContracts\PluginContracts.csproj", "{77508093-F2E1-41E8-B17F-42F445E0CA91}"
EndProject
Global
	GlobalSection(SolutionConfigurationPlatforms) = preSolution
		Debug|Any CPU = Debug|Any CPU
		Release|Any CPU = Release|Any CPU
	EndGlobalSection
	GlobalSection(ProjectConfigurationPlatforms) = postSolution
		{723F4939-F0E6-4CC6-A40F-CB8E69A66F84}.Debug|Any CPU.ActiveCfg = Debug|Any CPU
		{723F4939-F0E6-4CC6-A40F-CB8E69A66F84}.Debug|Any CPU.Build.0 = Debug|Any CPU
		{723F4939-F0E6-4CC6-A40F-CB8E69A66F84}.Release|Any CPU.ActiveCfg = Release|Any CPU
		{723F4939-F0E6-4CC6-A40F-CB8E69A66F84}.Release|Any CPU.Build.0 = Release|Any CPU
		{50CB88DF-3A18-4A7D-88CF-654BC8B186FB}.Debug|Any CPU.ActiveCfg = Debug|Any CPU
		{50CB88DF-3A18-4A7D-88CF-654BC8B186FB}.Debug|Any CPU.Build.0 = Debug|Any CPU
		{50CB88DF-3A18-4A7D-88CF-654BC8B186FB}.Release|Any CPU.ActiveCfg = Release|Any CPU
		{50CB88DF-3A18-4A7D-88CF-654BC8B186FB}.Release|Any CPU.Build.0 = Release|Any CPU
		{77508093-F2E1-41E8-B17F-42F445E0CA91}.Debug|Any CPU.ActiveCfg = Debug|Any CPU
		{77508093-F2E1-41E8-B17F-42F445E0CA91}.Debug|Any CPU.Build.0 = Debug|Any CPU
		{77508093-F2E1-41E8-B17F-42F445E0CA91}.Release|Any CPU.ActiveCfg = Release|Any CPU
		{77508093-F2E1-41E8-B17F-42F445E0CA91}.Release|Any CPU.Build.0 = Release|Any CPU
	EndGlobalSection
	GlobalSection(SolutionProperties) = preSolution
		HideSolutionNode = FALSE
	EndGlobalSection
	GlobalSection(ExtensibilityGlobals) = postSolution
		SolutionGuid = {FFEB4566-3AB3-4F1C-9655-62FE2EFFE80C}
	EndGlobalSection
EndGlobal
